
Microsoft Visual Studio Solution File, Format Version 12.00
# Visual Studio Version 17
VisualStudioVersion = 17.5.002.0
MinimumVisualStudioVersion = 10.0.40219.1
Project("{9A19103F-16F7-4668-BE54-9A1E7A4F7556}") = "PersonalPortfolio", "PersonalPortfolio\PersonalPortfolio.csproj", "{8E8AFCD0-3FAD-4384-93E5-1604F186DADA}"
EndProject
Global
	GlobalSection(SolutionConfigurationPlatforms) = preSolution
		Debug|Any CPU = Debug|Any CPU
		Release|Any CPU = Release|Any CPU
	EndGlobalSection
	GlobalSection(ProjectConfigurationPlatforms) = postSolution
		{8E8AFCD0-3FAD-4384-93E5-1604F186DADA}.Debug|Any CPU.ActiveCfg = Debug|Any CPU
		{8E8AFCD0-3FAD-4384-93E5-1604F186DADA}.Debug|Any CPU.Build.0 = Debug|Any CPU
		{8E8AFCD0-3FAD-4384-93E5-1604F186DADA}.Release|Any CPU.ActiveCfg = Release|Any CPU
		{8E8AFCD0-3FAD-4384-93E5-1604F186DADA}.Release|Any CPU.Build.0 = Release|Any CPU
	EndGlobalSection
	GlobalSection(SolutionProperties) = preSolution
		HideSolutionNode = FALSE
	EndGlobalSection
	GlobalSection(ExtensibilityGlobals) = postSolution
		SolutionGuid = {51806197-1716-4219-B77B-165ED504EB93}
	EndGlobalSection
EndGlobal
